{
  "name": "hexo-site",
  "version": "0.0.0",
  "lockfileVersion": 1,
  "requires": true,
  "dependencies": {
    "atob": {
      "version": "2.1.2",
      "resolved": "https://registry.npmjs.org/atob/-/atob-2.1.2.tgz",
      "integrity": "sha512-Wm6ukoaOGJi/73p/cl2GvLjTI5JM1k/O14isD73YML8StrH/7/lRFgmg8nICZgD3bZZvjwCGxtMOD3wWNAu8cg=="
    },
    "debug": {
      "version": "4.3.4",
      "resolved": "https://registry.npmjs.org/debug/-/debug-4.3.4.tgz",
      "integrity": "sha512-PRWFHuSU3eDtQJPvnNY7Jcket1j0t5OuOsFzPPzsekD52Zl8qUfFIPEiswXqIvHWGVHOgX+7G/vCNNhehwxfkQ=="
    },
    "decode-uri-component": {
      "version": "0.2.0",
      "resolved": "https://registry.npmjs.org/decode-uri-component/-/decode-uri-component-0.2.0.tgz",
      "integrity": "sha1-6zkTMzRYd1y4TNGh+uBiEGu4dUU="
    },
    "fs.realpath": {
      "version": "1.0.0",
      "resolved": "https://registry.npmjs.org/fs.realpath/-/fs.realpath-1.0.0.tgz",
      "integrity": "sha1-FQStJSMVjKpA20onh8sBQRmU6k8="
    },
    "hexo": {
      "version": "6.1.0",
      "resolved": "https://registry.npmjs.org/hexo/-/hexo-6.1.0.tgz",
      "integrity": "sha512-TeV2cN61CD2C1GKczJRR3tdZhR3JUQi8wtS4eIgkDOeDYWTmovPoSCcc8jvh42D3fehOPp6E81fTeyjh39QWtA==",
      "dependencies": {
        "hexo-cli": {
          "version": "4.3.0",
          "resolved": "https://registry.npmjs.org/hexo-cli/-/hexo-cli-4.3.0.tgz",
          "integrity": "sha512-lr46h1tK1RNQJAQZbzKYAWGsmqF5DLrW6xKEakqv/o9JqgdeempBjIm7HqjcZEUBpWij4EO65X6YJiDmT9LR7g==",
          "dependencies": {
            "hexo-log": {
              "version": "2.0.0",
              "resolved": "https://registry.npmjs.org/hexo-log/-/hexo-log-2.0.0.tgz",
              "integrity": "sha512-U7zdDae74pXcyhQEyNmpJdq3UI6zWKxQ7/zLoMr/d3CBRdIfB5yO8DWqKUnewfibYv0gODyTWUIhxQDWuwloow=="
            }
          }
        }
      }
    },
    "hexo-deployer-git": {
      "version": "3.0.0",
      "resolved": "https://registry.npmjs.org/hexo-deployer-git/-/hexo-deployer-git-3.0.0.tgz",
      "integrity": "sha512-U2Xewjab+rvUDNTcuYYnOxitkDXL3f5VMUH32jKDHs3OC4YFVGRoEaTTDVHskqr3KRi78Wohjc6BSRHOoG3oxA=="
    },
    "hexo-generator-archive": {
      "version": "1.0.0",
      "resolved": "https://registry.npmjs.org/hexo-generator-archive/-/hexo-generator-archive-1.0.0.tgz",
      "integrity": "sha512-24TeanDGpMBUIq37DHpSESQbeN6ssZ06edsGSI76tN4Yit50TgsgzP5g5DSu0yJk0jUtHJntysWE8NYAlFXibA=="
    },
    "hexo-generator-category": {
      "version": "1.0.0",
      "resolved": "https://registry.npmjs.org/hexo-generator-category/-/hexo-generator-category-1.0.0.tgz",
      "integrity": "sha512-kmtwT1SHYL2ismbGnYQXNtqLFSeTdtHNbJIqno3LKROpCK8ybST5QVXF1bZI9LkFcXV/H8ilt8gfg4/dNNcQQQ=="
    },
    "hexo-generator-index": {
      "version": "2.0.0",
      "resolved": "https://registry.npmjs.org/hexo-generator-index/-/hexo-generator-index-2.0.0.tgz",
      "integrity": "sha512-q/29Vj9BZs0dwBcF+s9IT8ymS4aYZsDwBEYDnh96C8tsX+KPY5v6TzCdttz58BchifaJpP/l9mi6u9rZuYqA0g=="
    },
    "hexo-generator-tag": {
      "version": "1.0.0",
      "resolved": "https://registry.npmjs.org/hexo-generator-tag/-/hexo-generator-tag-1.0.0.tgz",
      "integrity": "sha512-JDoB2T1EncRlyGSjuAhkGxRfKkN8tq0i8tFlk9I4q2L6iYxPaUnFenhji0oxufTADC16/IchuPjmMk//dt8Msg=="
    },
    "hexo-renderer-ejs": {
      "version": "2.0.0",
      "resolved": "https://registry.npmjs.org/hexo-renderer-ejs/-/hexo-renderer-ejs-2.0.0.tgz",
      "integrity": "sha512-qCjE1IdwgDgv65qyb0KMVCwCdSVAkH0vwAe9XihjvaKWkmb9dtt8DgErOdqCXn0HReSyWiEVP2BrLRj3gyHwOQ=="
    },
    "hexo-renderer-marked": {
      "version": "5.0.0",
      "resolved": "https://registry.npmjs.org/hexo-renderer-marked/-/hexo-renderer-marked-5.0.0.tgz",
      "integrity": "sha512-lifWMCvefTq3IlH+urQDPFX4gXquFAqDwOQBdqpwcPyhaiVHu0ZweeZ24IeZtCLRYP+zEgsksCPYrGl9hDDJHg=="
    },
    "hexo-renderer-pug": {
      "version": "3.0.0",
      "resolved": "https://registry.npmjs.org/hexo-renderer-pug/-/hexo-renderer-pug-3.0.0.tgz",
      "integrity": "sha512-PmbLx6VkNv+mPLOe97OC4F8iTzTuj665dSYN7bZKArd4M/q7gb2tNs29VGuAOC50i9tvWY2f+tPQimf0GZ9Hyw=="
    },
    "hexo-renderer-stylus": {
      "version": "2.1.0",
      "resolved": "https://registry.npmjs.org/hexo-renderer-stylus/-/hexo-renderer-stylus-2.1.0.tgz",
      "integrity": "sha512-Nef4YCr7JX8jaRaByhzXMSsWnDed+RgJj6aU/ARnYu3Bn5xz/qRz52VJG7KqD0Xuysxa9TIBdVUgNzBrSFn3DQ==",
      "requires": {
        "nib": "^1.2.0",
        "stylus": "^0.57.0"
      },
      "dependencies": {
        "css": {
          "version": "3.0.0",
          "resolved": "https://registry.npmjs.org/css/-/css-3.0.0.tgz",
          "integrity": "sha512-DG9pFfwOrzc+hawpmqX/dHYHJG+Bsdb0klhyi1sDneOgGOXy9wQIC8hzyVp1e4NRYDBdxcylvywPkkXCHAzTyQ==",
          "requires": {
            "inherits": "^2.0.4",
            "source-map": "^0.6.1",
            "source-map-resolve": "^0.6.0"
          },
          "dependencies": {
            "source-map": {
              "version": "0.6.1",
              "resolved": "https://registry.npmjs.org/source-map/-/source-map-0.6.1.tgz",
              "integrity": "sha512-UjgapumWlbMhkBgzT7Ykc5YXUT46F0iKu8SGXq0bcwP5dz/h0Plj6enJqjz1Zbq2l5WaqYnrVbwWOWMyF3F47g=="
            }
          }
        },
        "glob": {
          "version": "7.2.3",
          "resolved": "https://registry.npmjs.org/glob/-/glob-7.2.3.tgz",
          "integrity": "sha512-nFR0zLpU2YCaRxwoCJvL6UvCH2JFyFVIvwTLsIf21AuHlMskA1hhTdk+LlYJtOlYt9v6dvszD2BGRqBL+iQK9Q==",
          "requires": {
            "fs.realpath": "^1.0.0",
            "inflight": "^1.0.4",
            "inherits": "2",
            "minimatch": "^3.1.1",
            "once": "^1.3.0",
            "path-is-absolute": "^1.0.0"
          }
        },
        "nib": {
          "version": "1.2.0",
          "resolved": "https://registry.npmjs.org/nib/-/nib-1.2.0.tgz",
          "integrity": "sha512-7HgrnMl/3yOmWykueO8/D0q+0iWwe7Z+CK2Eaq/xQV8w1hK80WN1oReRQkfkrztbAAnp/nTHkUSl5EcVkor6JQ=="
        },
        "sax": {
          "version": "1.2.4",
          "resolved": "https://registry.npmjs.org/sax/-/sax-1.2.4.tgz",
          "integrity": "sha512-NqVDv9TpANUjFm0N8uM5GxL36UgKi9/atZw+x7YFnQ8ckwFGKrl4xX4yWtrey3UJm5nP1kUbnYgLopqWNSRhWw=="
        },
        "source-map": {
          "version": "0.7.3",
          "resolved": "https://registry.npmjs.org/source-map/-/source-map-0.7.3.tgz",
          "integrity": "sha512-CkCj6giN3S+n9qrYiBTX5gystlENnRW5jZeNLHpe6aue+SrHcG5VYwujhW9s4dY31mEGsxBDrHR6oI69fTXsaQ=="
        },
        "source-map-resolve": {
          "version": "0.6.0",
          "resolved": "https://registry.npmjs.org/source-map-resolve/-/source-map-resolve-0.6.0.tgz",
          "integrity": "sha512-KXBr9d/fO/bWo97NXsPIAW1bFSBOuCnjbNTBMO7N59hsv5i9yzRDfcYwwt0l04+VqnKC+EwzvJZIP/qkuMgR/w==",
          "requires": {
            "atob": "^2.1.2",
            "decode-uri-component": "^0.2.0"
          }
        },
        "stylus": {
          "version": "0.57.0",
          "resolved": "https://registry.npmjs.org/stylus/-/stylus-0.57.0.tgz",
          "integrity": "sha512-yOI6G8WYfr0q8v8rRvE91wbxFU+rJPo760Va4MF6K0I6BZjO4r+xSynkvyPBP9tV1CIEUeRsiidjIs2rzb1CnQ==",
          "requires": {
            "css": "^3.0.0",
            "debug": "^4.3.2",
            "glob": "^7.1.6",
            "safer-buffer": "^2.1.2",
            "sax": "~1.2.4",
            "source-map": "^0.7.3"
          }
        }
      }
    },
    "hexo-server": {
      "version": "3.0.0",
      "resolved": "https://registry.npmjs.org/hexo-server/-/hexo-server-3.0.0.tgz",
      "integrity": "sha512-u4s0ty9Aew6jV+a9oMrXBwhrRpUQ0U8PWM/88a5aHgDru58VY81mVrxOFxs788NAsWQ8OvsJtF5m7mnXoRnSIA=="
    },
    "hexo-theme-landscape": {
      "version": "0.0.3",
      "resolved": "https://registry.npmjs.org/hexo-theme-landscape/-/hexo-theme-landscape-0.0.3.tgz",
      "integrity": "sha512-b0Di+TUVs4ESrNX4ULEh9uQmADpO6kr10rIJ2OGZM8suNQNFKdxn+vJUjnLfKkCPJAfVmS7/S83KCNYe4tpoNw=="
    },
    "inflight": {
      "version": "1.0.6",
      "resolved": "https://registry.npmjs.org/inflight/-/inflight-1.0.6.tgz",
      "integrity": "sha1-Sb1jMdfQLQwJvJEKEHW6gWW1bfk="
    },
    "inherits": {
      "version": "2.0.4",
      "resolved": "https://registry.npmjs.org/inherits/-/inherits-2.0.4.tgz",
      "integrity": "sha512-k/vGaX4/Yla3WzyMCvTQOXYeIHvqOKtnqBduzTHpzpQZzAskKMhZ2K+EnBiSM9zGSoIFeMpXKxa4dYeZIQqewQ=="
    },
    "minimatch": {
      "version": "3.1.2",
      "resolved": "https://registry.npmjs.org/minimatch/-/minimatch-3.1.2.tgz",
      "integrity": "sha512-J7p63hRiAjw1NDEww1W7i37+ByIrOWO5XQQAzZ3VOcL0PNybwpfmV/N05zFAzwQ9USyEcX6t3UO+K5aqBQOIHw=="
    },
    "once": {
      "version": "1.4.0",
      "resolved": "https://registry.npmjs.org/once/-/once-1.4.0.tgz",
      "integrity": "sha1-WDsap3WWHUsROsF9nFC6753Xa9E="
    },
    "path-is-absolute": {
      "version": "1.0.1",
      "resolved": "https://registry.npmjs.org/path-is-absolute/-/path-is-absolute-1.0.1.tgz",
      "integrity": "sha1-F0uSaHNVNP+8es5r9TpanhtcX18="
    },
    "safer-buffer": {
      "version": "2.1.2",
      "resolved": "https://registry.npmjs.org/safer-buffer/-/safer-buffer-2.1.2.tgz",
      "integrity": "sha512-YZo3K82SD7Riyi0E1EQPojLz7kpepnSQI9IyPbHHg1XXXevb5dJI7tpyN2ADxGcQbHG7vcyRHk0cbwqcQriUtg=="
    }
  }
}
