{
  "name": "hexo-site",
  "version": "0.0.0",
  "lockfileVersion": 1,
  "requires": true,
  "dependencies": {
    "hexo": {
      "version": "6.1.0",
      "resolved": "https://registry.npmjs.org/hexo/-/hexo-6.1.0.tgz",
      "integrity": "sha512-TeV2cN61CD2C1GKczJRR3tdZhR3JUQi8wtS4eIgkDOeDYWTmovPoSCcc8jvh42D3fehOPp6E81fTeyjh39QWtA==",
      "dependencies": {
        "hexo-cli": {
          "version": "4.3.0",
          "resolved": "https://registry.npmjs.org/hexo-cli/-/hexo-cli-4.3.0.tgz",
          "integrity": "sha512-lr46h1tK1RNQJAQZbzKYAWGsmqF5DLrW6xKEakqv/o9JqgdeempBjIm7HqjcZEUBpWij4EO65X6YJiDmT9LR7g==",
          "dependencies": {
            "hexo-log": {
              "version": "2.0.0",
              "resolved": "https://registry.npmjs.org/hexo-log/-/hexo-log-2.0.0.tgz",
              "integrity": "sha512-U7zdDae74pXcyhQEyNmpJdq3UI6zWKxQ7/zLoMr/d3CBRdIfB5yO8DWqKUnewfibYv0gODyTWUIhxQDWuwloow=="
            }
          }
        }
      }
    },
    "hexo-deployer-git": {
      "version": "3.0.0",
      "resolved": "https://registry.npmjs.org/hexo-deployer-git/-/hexo-deployer-git-3.0.0.tgz",
      "integrity": "sha512-U2Xewjab+rvUDNTcuYYnOxitkDXL3f5VMUH32jKDHs3OC4YFVGRoEaTTDVHskqr3KRi78Wohjc6BSRHOoG3oxA=="
    },
    "hexo-generator-archive": {
      "version": "2.0.0",
      "resolved": "https://registry.npmjs.org/hexo-generator-archive/-/hexo-generator-archive-2.0.0.tgz",
      "integrity": "sha512-KikJk7dGFbtNHOgqtLFGf5T/S8n1paGp+Gy0KfVDz+HKYhGbXOouyiZkmc3O9KrYt6ja14rmkMhq7KKGtvfehw==",
      "requires": {
        "hexo-pagination": "3.0.0"
      },
      "dependencies": {
        "hexo-pagination": {
          "version": "3.0.0",
          "resolved": "https://registry.npmjs.org/hexo-pagination/-/hexo-pagination-3.0.0.tgz",
          "integrity": "sha512-8oo1iozloZo7TojPVYg4IxL3SJKCBdSJ908fTlIxIK7TWJIKdYnQlW31+12DBJ0NhVZA/lZisPObGF08wT8fKw=="
        }
      }
    },
    "hexo-generator-category": {
      "version": "1.0.0",
      "resolved": "https://registry.npmjs.org/hexo-generator-category/-/hexo-generator-category-1.0.0.tgz",
      "integrity": "sha512-kmtwT1SHYL2ismbGnYQXNtqLFSeTdtHNbJIqno3LKROpCK8ybST5QVXF1bZI9LkFcXV/H8ilt8gfg4/dNNcQQQ=="
    },
    "hexo-generator-index": {
      "version": "2.0.0",
      "resolved": "https://registry.npmjs.org/hexo-generator-index/-/hexo-generator-index-2.0.0.tgz",
      "integrity": "sha512-q/29Vj9BZs0dwBcF+s9IT8ymS4aYZsDwBEYDnh96C8tsX+KPY5v6TzCdttz58BchifaJpP/l9mi6u9rZuYqA0g=="
    },
    "hexo-generator-tag": {
      "version": "1.0.0",
      "resolved": "https://registry.npmjs.org/hexo-generator-tag/-/hexo-generator-tag-1.0.0.tgz",
      "integrity": "sha512-JDoB2T1EncRlyGSjuAhkGxRfKkN8tq0i8tFlk9I4q2L6iYxPaUnFenhji0oxufTADC16/IchuPjmMk//dt8Msg=="
    },
    "hexo-renderer-ejs": {
      "version": "2.0.0",
      "resolved": "https://registry.npmjs.org/hexo-renderer-ejs/-/hexo-renderer-ejs-2.0.0.tgz",
      "integrity": "sha512-qCjE1IdwgDgv65qyb0KMVCwCdSVAkH0vwAe9XihjvaKWkmb9dtt8DgErOdqCXn0HReSyWiEVP2BrLRj3gyHwOQ=="
    },
    "hexo-renderer-marked": {
      "version": "5.0.0",
      "resolved": "https://registry.npmjs.org/hexo-renderer-marked/-/hexo-renderer-marked-5.0.0.tgz",
      "integrity": "sha512-lifWMCvefTq3IlH+urQDPFX4gXquFAqDwOQBdqpwcPyhaiVHu0ZweeZ24IeZtCLRYP+zEgsksCPYrGl9hDDJHg=="
    },
    "hexo-renderer-pug": {
      "version": "3.0.0",
      "resolved": "https://registry.npmjs.org/hexo-renderer-pug/-/hexo-renderer-pug-3.0.0.tgz",
      "integrity": "sha512-PmbLx6VkNv+mPLOe97OC4F8iTzTuj665dSYN7bZKArd4M/q7gb2tNs29VGuAOC50i9tvWY2f+tPQimf0GZ9Hyw=="
    },
    "hexo-renderer-stylus": {
      "version": "2.0.1",
      "resolved": "https://registry.npmjs.org/hexo-renderer-stylus/-/hexo-renderer-stylus-2.0.1.tgz",
      "integrity": "sha512-1S4AG8RtzWqVrqKIYv2AJ4UYms5SHDjkdYS7IiGwgUejL24agbTktpAbnH2cG1JWZ15SRqYN0UGB9aAoSAgvEA=="
    },
    "hexo-server": {
      "version": "3.0.0",
      "resolved": "https://registry.npmjs.org/hexo-server/-/hexo-server-3.0.0.tgz",
      "integrity": "sha512-u4s0ty9Aew6jV+a9oMrXBwhrRpUQ0U8PWM/88a5aHgDru58VY81mVrxOFxs788NAsWQ8OvsJtF5m7mnXoRnSIA=="
    },
    "hexo-theme-landscape": {
      "version": "0.0.3",
      "resolved": "https://registry.npmjs.org/hexo-theme-landscape/-/hexo-theme-landscape-0.0.3.tgz",
      "integrity": "sha512-b0Di+TUVs4ESrNX4ULEh9uQmADpO6kr10rIJ2OGZM8suNQNFKdxn+vJUjnLfKkCPJAfVmS7/S83KCNYe4tpoNw=="
    }
  }
}
